
Microsoft Visual Studio Solution File, Format Version 12.00
# Visual Studio Version 17
VisualStudioVersion = 17.13.35806.99 d17.13
MinimumVisualStudioVersion = 10.0.40219.1
Project("{FAE04EC0-301F-11D3-BF4B-00C04F79EFBC}") = "PdfFormApp", "PdfFormApp\PdfFormApp.csproj", "{84FC6248-DABF-497A-94CD-E05434258803}"
EndProject
Global
	GlobalSection(SolutionConfigurationPlatforms) = preSolution
		Debug|Any CPU = Debug|Any CPU
		Release|Any CPU = Release|Any CPU
	EndGlobalSection
	GlobalSection(ProjectConfigurationPlatforms) = postSolution
		{84FC6248-DABF-497A-94CD-E05434258803}.Debug|Any CPU.ActiveCfg = Debug|Any CPU
		{84FC6248-DABF-497A-94CD-E05434258803}.Debug|Any CPU.Build.0 = Debug|Any CPU
		{84FC6248-DABF-497A-94CD-E05434258803}.Release|Any CPU.ActiveCfg = Release|Any CPU
		{84FC6248-DABF-497A-94CD-E05434258803}.Release|Any CPU.Build.0 = Release|Any CPU
	EndGlobalSection
	GlobalSection(SolutionProperties) = preSolution
		HideSolutionNode = FALSE
	EndGlobalSection
	GlobalSection(ExtensibilityGlobals) = postSolution
		SolutionGuid = {7ED551A7-E4BF-4AE4-A5B2-5D9B434E8750}
	EndGlobalSection
EndGlobal
